<Solution>
  <Project Path="Demo/ServiceAutoInjector.Demo/ServiceAutoInjector.Demo.csproj" Id="6c3c0e24-7fcc-4fb3-a33a-e77e6f826b8e" />
  <Project Path="Implementation/ServiceAutoInjector/ServiceAutoInjector.csproj" />
  <Project Path="Shared/ServiceAutoInjector.Interfaces/ServiceAutoInjector.Interfaces.csproj" Id="d1a9b4a4-329b-4e44-9eaa-d28e0c26ee4d" />
  <Project Path="Shared/ServiceAutoInjector.Logic/ServiceAutoInjector.Logic.csproj" />
</Solution>
